<?xml version="1.0" encoding="utf-8"?>
<Project xmlns="http://schemas.microsoft.com/developer/msbuild/2003">
  <ItemGroup>
    <Filter Include="Generated Files">
      <UniqueIdentifier>{71ED8ED8-ACB9-4CE9-BBE1-E00B30144E11}</UniqueIdentifier>
      <Extensions>cpp;c;cxx;moc;h;def;odl;idl;res;</Extensions>
    </Filter>
    <Filter Include="Generated Files">
      <UniqueIdentifier>{71ED8ED8-ACB9-4CE9-BBE1-E00B30144E11}</UniqueIdentifier>
      <Extensions>cpp;c;cxx;moc;h;def;odl;idl;res;</Extensions>
    </Filter>
    <Filter Include="Header Files">
      <UniqueIdentifier>{93995380-89BD-4b04-88EB-625FBE52EBFB}</UniqueIdentifier>
      <Extensions>h;hpp;hxx;hm;inl;inc;xsd</Extensions>
    </Filter>
    <Filter Include="Header Files">
      <UniqueIdentifier>{93995380-89BD-4b04-88EB-625FBE52EBFB}</UniqueIdentifier>
      <Extensions>h;hpp;hxx;hm;inl;inc;xsd</Extensions>
    </Filter>
    <Filter Include="Source Files">
      <UniqueIdentifier>{4FC737F1-C7A5-4376-A066-2A32D752A2FF}</UniqueIdentifier>
      <Extensions>cpp;c;cxx;def;odl;idl;hpj;bat;asm;asmx</Extensions>
    </Filter>
    <Filter Include="Source Files">
      <UniqueIdentifier>{4FC737F1-C7A5-4376-A066-2A32D752A2FF}</UniqueIdentifier>
      <Extensions>cpp;c;cxx;def;odl;idl;hpj;bat;asm;asmx</Extensions>
    </Filter>
  </ItemGroup>
  <ItemGroup>
    <ClCompile Include="PQPLib\*.c">
      <Filter>Source Files</Filter>
    </ClCompile>
    <ClCompile Include="PQPLib\BV.cpp">
      <Filter>Source Files</Filter>
    </ClCompile>
    <ClCompile Include="PQPLib\Build.cpp">
      <Filter>Source Files</Filter>
    </ClCompile>
    <ClCompile Include="PQPLib\PQP.cpp">
      <Filter>Source Files</Filter>
    </ClCompile>
    <ClCompile Include="PolygenMesh.cpp">
      <Filter>Source Files</Filter>
    </ClCompile>
    <ClCompile Include="QMeshEdge.cpp">
      <Filter>Source Files</Filter>
    </ClCompile>
    <ClCompile Include="QMeshFace.cpp">
      <Filter>Source Files</Filter>
    </ClCompile>
    <ClCompile Include="QMeshNode.cpp">
      <Filter>Source Files</Filter>
    </ClCompile>
    <ClCompile Include="QMeshPatch.cpp">
      <Filter>Source Files</Filter>
    </ClCompile>
    <ClCompile Include="QMeshTetra.cpp">
      <Filter>Source Files</Filter>
    </ClCompile>
    <ClCompile Include="PQPLib\TriDist.cpp">
      <Filter>Source Files</Filter>
    </ClCompile>
  </ItemGroup>
  <ItemGroup>
    <ClInclude Include="PQPLib\BV.h">
      <Filter>Header Files</Filter>
    </ClInclude>
    <ClInclude Include="PQPLib\BVTQ.h">
      <Filter>Header Files</Filter>
    </ClInclude>
    <ClInclude Include="PQPLib\Build.h">
      <Filter>Header Files</Filter>
    </ClInclude>
    <ClInclude Include="PQPLib\GetTime.h">
      <Filter>Header Files</Filter>
    </ClInclude>
    <ClInclude Include="PQPLib\MatVec.h">
      <Filter>Header Files</Filter>
    </ClInclude>
    <ClInclude Include="PQPLib\OBB_Disjoint.h">
      <Filter>Header Files</Filter>
    </ClInclude>
    <ClInclude Include="PQPLib\PQP.h">
      <Filter>Header Files</Filter>
    </ClInclude>
    <ClInclude Include="PQPLib\PQP_Compile.h">
      <Filter>Header Files</Filter>
    </ClInclude>
    <ClInclude Include="PQPLib\PQP_Internal.h">
      <Filter>Header Files</Filter>
    </ClInclude>
    <ClInclude Include="PolygenMesh.h">
      <Filter>Header Files</Filter>
    </ClInclude>
    <ClInclude Include="QMeshEdge.h">
      <Filter>Header Files</Filter>
    </ClInclude>
    <ClInclude Include="QMeshFace.h">
      <Filter>Header Files</Filter>
    </ClInclude>
    <ClInclude Include="QMeshNode.h">
      <Filter>Header Files</Filter>
    </ClInclude>
    <ClInclude Include="QMeshPatch.h">
      <Filter>Header Files</Filter>
    </ClInclude>
    <ClInclude Include="QMeshTetra.h">
      <Filter>Header Files</Filter>
    </ClInclude>
    <ClInclude Include="PQPLib\RectDist.h">
      <Filter>Header Files</Filter>
    </ClInclude>
    <ClInclude Include="PQPLib\Tri.h">
      <Filter>Header Files</Filter>
    </ClInclude>
    <ClInclude Include="PQPLib\TriDist.h">
      <Filter>Header Files</Filter>
    </ClInclude>
  </ItemGroup>
  <ItemGroup>
    <CustomBuild Include="debug\moc_predefs.h.cbt">
      <Filter>Generated Files</Filter>
    </CustomBuild>
    <CustomBuild Include="release\moc_predefs.h.cbt">
      <Filter>Generated Files</Filter>
    </CustomBuild>
  </ItemGroup>
</Project>